
Microsoft Visual Studio Solution File, Format Version 12.00
# Visual Studio Version 17
VisualStudioVersion = 17.3.32929.385
MinimumVisualStudioVersion = 10.0.40219.1
Project("{FAE04EC0-301F-11D3-BF4B-00C04F79EFBC}") = "Nume_Prenume_Lab1", "Nume_Prenume_Lab1.csproj", "{9FF9EA22-54B6-4334-BB47-A83330795811}"
EndProject
Global
	GlobalSection(SolutionConfigurationPlatforms) = preSolution
		Debug|Any CPU = Debug|Any CPU
		Release|Any CPU = Release|Any CPU
	EndGlobalSection
	GlobalSection(ProjectConfigurationPlatforms) = postSolution
		{9FF9EA22-54B6-4334-BB47-A83330795811}.Debug|Any CPU.ActiveCfg = Debug|Any CPU
		{9FF9EA22-54B6-4334-BB47-A83330795811}.Debug|Any CPU.Build.0 = Debug|Any CPU
		{9FF9EA22-54B6-4334-BB47-A83330795811}.Release|Any CPU.ActiveCfg = Release|Any CPU
		{9FF9EA22-54B6-4334-BB47-A83330795811}.Release|Any CPU.Build.0 = Release|Any CPU
	EndGlobalSection
	GlobalSection(SolutionProperties) = preSolution
		HideSolutionNode = FALSE
	EndGlobalSection
	GlobalSection(ExtensibilityGlobals) = postSolution
		SolutionGuid = {32173492-2801-4BC1-B307-67251D9E0FB9}
	EndGlobalSection
EndGlobal
